
Microsoft Visual Studio Solution File, Format Version 12.00
# Visual Studio Version 17
VisualStudioVersion = 17.2.32630.192
MinimumVisualStudioVersion = 10.0.40219.1
Project("{8BC9CEB8-8B4A-11D0-8D11-00A0C91BC942}") = "STL", "STL\STL.vcxproj", "{3D97BACD-4166-4365-A52F-985105DA6DAB}"
EndProject
Project("{8BC9CEB8-8B4A-11D0-8D11-00A0C91BC942}") = "AssociativeContainers", "AssociativeContainers\AssociativeContainers.vcxproj", "{A66138CD-BFC3-4C6F-B232-D976ADE5C076}"
EndProject
Global
	GlobalSection(SolutionConfigurationPlatforms) = preSolution
		Debug|x64 = Debug|x64
		Debug|x86 = Debug|x86
		Release|x64 = Release|x64
		Release|x86 = Release|x86
	EndGlobalSection
	GlobalSection(ProjectConfigurationPlatforms) = postSolution
		{3D97BACD-4166-4365-A52F-985105DA6DAB}.Debug|x64.ActiveCfg = Debug|x64
		{3D97BACD-4166-4365-A52F-985105DA6DAB}.Debug|x64.Build.0 = Debug|x64
		{3D97BACD-4166-4365-A52F-985105DA6DAB}.Debug|x86.ActiveCfg = Debug|Win32
		{3D97BACD-4166-4365-A52F-985105DA6DAB}.Debug|x86.Build.0 = Debug|Win32
		{3D97BACD-4166-4365-A52F-985105DA6DAB}.Release|x64.ActiveCfg = Release|x64
		{3D97BACD-4166-4365-A52F-985105DA6DAB}.Release|x64.Build.0 = Release|x64
		{3D97BACD-4166-4365-A52F-985105DA6DAB}.Release|x86.ActiveCfg = Release|Win32
		{3D97BACD-4166-4365-A52F-985105DA6DAB}.Release|x86.Build.0 = Release|Win32
		{A66138CD-BFC3-4C6F-B232-D976ADE5C076}.Debug|x64.ActiveCfg = Debug|x64
		{A66138CD-BFC3-4C6F-B232-D976ADE5C076}.Debug|x64.Build.0 = Debug|x64
		{A66138CD-BFC3-4C6F-B232-D976ADE5C076}.Debug|x86.ActiveCfg = Debug|Win32
		{A66138CD-BFC3-4C6F-B232-D976ADE5C076}.Debug|x86.Build.0 = Debug|Win32
		{A66138CD-BFC3-4C6F-B232-D976ADE5C076}.Release|x64.ActiveCfg = Release|x64
		{A66138CD-BFC3-4C6F-B232-D976ADE5C076}.Release|x64.Build.0 = Release|x64
		{A66138CD-BFC3-4C6F-B232-D976ADE5C076}.Release|x86.ActiveCfg = Release|Win32
		{A66138CD-BFC3-4C6F-B232-D976ADE5C076}.Release|x86.Build.0 = Release|Win32
	EndGlobalSection
	GlobalSection(SolutionProperties) = preSolution
		HideSolutionNode = FALSE
	EndGlobalSection
	GlobalSection(ExtensibilityGlobals) = postSolution
		SolutionGuid = {3EFB7734-F70A-4601-9BF8-861CFFFB00FC}
	EndGlobalSection
EndGlobal
